
Microsoft Visual Studio Solution File, Format Version 12.00
# Visual Studio Version 16
VisualStudioVersion = 16.0.29709.97
MinimumVisualStudioVersion = 10.0.40219.1
Project("{FAE04EC0-301F-11D3-BF4B-00C04F79EFBC}") = "TrinityStudio", "TrinityStudio.csproj", "{339B18CB-18D4-4778-9E81-EE1ADC3FC992}"
EndProject
Project("{FAE04EC0-301F-11D3-BF4B-00C04F79EFBC}") = "TrinityEngine", "..\TrinityEngine\TrinityEngine.csproj", "{622B6296-F36C-4F0C-94F9-A0B0E017E8F3}"
EndProject
Project("{2150E333-8FDC-42A3-9474-1A3956D46DE8}") = "Libs", "Libs", "{61EB8347-BF0F-4DF4-AE39-474BA6E27647}"
EndProject
Project("{FAE04EC0-301F-11D3-BF4B-00C04F79EFBC}") = "TrinityControl", "..\TrinityControl\TrinityControl.csproj", "{663238EC-245A-400E-9ABA-444823973607}"
EndProject
Project("{2150E333-8FDC-42A3-9474-1A3956D46DE8}") = "Controls", "Controls", "{67AF9F1E-540C-4E78-BD31-C8538CDD0297}"
EndProject
Project("{2150E333-8FDC-42A3-9474-1A3956D46DE8}") = "Editors", "Editors", "{0C33F67C-B849-4781-9F1B-CD15EAA7747E}"
EndProject
Global
	GlobalSection(SolutionConfigurationPlatforms) = preSolution
		Debug|Any CPU = Debug|Any CPU
		Release|Any CPU = Release|Any CPU
	EndGlobalSection
	GlobalSection(ProjectConfigurationPlatforms) = postSolution
		{339B18CB-18D4-4778-9E81-EE1ADC3FC992}.Debug|Any CPU.ActiveCfg = Debug|Any CPU
		{339B18CB-18D4-4778-9E81-EE1ADC3FC992}.Debug|Any CPU.Build.0 = Debug|Any CPU
		{339B18CB-18D4-4778-9E81-EE1ADC3FC992}.Release|Any CPU.ActiveCfg = Release|Any CPU
		{339B18CB-18D4-4778-9E81-EE1ADC3FC992}.Release|Any CPU.Build.0 = Release|Any CPU
		{622B6296-F36C-4F0C-94F9-A0B0E017E8F3}.Debug|Any CPU.ActiveCfg = Debug|Any CPU
		{622B6296-F36C-4F0C-94F9-A0B0E017E8F3}.Debug|Any CPU.Build.0 = Debug|Any CPU
		{622B6296-F36C-4F0C-94F9-A0B0E017E8F3}.Release|Any CPU.ActiveCfg = Release|Any CPU
		{622B6296-F36C-4F0C-94F9-A0B0E017E8F3}.Release|Any CPU.Build.0 = Release|Any CPU
		{663238EC-245A-400E-9ABA-444823973607}.Debug|Any CPU.ActiveCfg = Debug|Any CPU
		{663238EC-245A-400E-9ABA-444823973607}.Debug|Any CPU.Build.0 = Debug|Any CPU
		{663238EC-245A-400E-9ABA-444823973607}.Release|Any CPU.ActiveCfg = Release|Any CPU
		{663238EC-245A-400E-9ABA-444823973607}.Release|Any CPU.Build.0 = Release|Any CPU
	EndGlobalSection
	GlobalSection(SolutionProperties) = preSolution
		HideSolutionNode = FALSE
	EndGlobalSection
	GlobalSection(NestedProjects) = preSolution
		{339B18CB-18D4-4778-9E81-EE1ADC3FC992} = {0C33F67C-B849-4781-9F1B-CD15EAA7747E}
		{622B6296-F36C-4F0C-94F9-A0B0E017E8F3} = {61EB8347-BF0F-4DF4-AE39-474BA6E27647}
		{663238EC-245A-400E-9ABA-444823973607} = {67AF9F1E-540C-4E78-BD31-C8538CDD0297}
	EndGlobalSection
	GlobalSection(ExtensibilityGlobals) = postSolution
		SolutionGuid = {29B95024-9B1F-46F6-BEAA-18A6DC0F88A9}
	EndGlobalSection
EndGlobal
